// !$*UTF8*$!
{
	archiveVersion = 1;
	classes = {
	};
	objectVersion = 48;
	objects = {

/* Begin PBXBuildFile section */
		432714EE2023D1C5007D7D8D /* KnotHttp.swift in Sources */ = {isa = PBXBuildFile; fileRef = 432714ED2023D1C5007D7D8D /* KnotHttp.swift */; };
		43695A562041ECDE00C9204D /* SensorsViewController.swift in Sources */ = {isa = PBXBuildFile; fileRef = 43695A552041ECDE00C9204D /* SensorsViewController.swift */; };
		43695A582041ECF800C9204D /* DevicesViewController.swift in Sources */ = {isa = PBXBuildFile; fileRef = 43695A572041ECF800C9204D /* DevicesViewController.swift */; };
		43695A5A2041F31C00C9204D /* SensorViewController.swift in Sources */ = {isa = PBXBuildFile; fileRef = 43695A592041F31C00C9204D /* SensorViewController.swift */; };
		4378317B20129A92008BE08A /* AppDelegate.swift in Sources */ = {isa = PBXBuildFile; fileRef = 4378317A20129A92008BE08A /* AppDelegate.swift */; };
		4378317D20129A92008BE08A /* ViewController.swift in Sources */ = {isa = PBXBuildFile; fileRef = 4378317C20129A92008BE08A /* ViewController.swift */; };
		4378318020129A92008BE08A /* Main.storyboard in Resources */ = {isa = PBXBuildFile; fileRef = 4378317E20129A92008BE08A /* Main.storyboard */; };
		4378318220129A92008BE08A /* Assets.xcassets in Resources */ = {isa = PBXBuildFile; fileRef = 4378318120129A92008BE08A /* Assets.xcassets */; };
		4378318520129A92008BE08A /* LaunchScreen.storyboard in Resources */ = {isa = PBXBuildFile; fileRef = 4378318320129A92008BE08A /* LaunchScreen.storyboard */; };
		43BA530B2042F10F000B5654 /* Geo.swift in Sources */ = {isa = PBXBuildFile; fileRef = 43BA53062042F10F000B5654 /* Geo.swift */; };
		43BA530E2042F10F000B5654 /* SecurityListItem.swift in Sources */ = {isa = PBXBuildFile; fileRef = 43BA53092042F10F000B5654 /* SecurityListItem.swift */; };
		43BA53102042F4DD000B5654 /* BaseDevice.swift in Sources */ = {isa = PBXBuildFile; fileRef = 43BA530F2042F4DD000B5654 /* BaseDevice.swift */; };
		43BA53122042FCCC000B5654 /* DeviceOwner.swift in Sources */ = {isa = PBXBuildFile; fileRef = 43BA53112042FCCC000B5654 /* DeviceOwner.swift */; };
		43BA53142042FE3E000B5654 /* BaseThingDevice.swift in Sources */ = {isa = PBXBuildFile; fileRef = 43BA53132042FE3E000B5654 /* BaseThingDevice.swift */; };
		43BA53162042FF66000B5654 /* KnotDeviceType.swift in Sources */ = {isa = PBXBuildFile; fileRef = 43BA53152042FF66000B5654 /* KnotDeviceType.swift */; };
		43BA53182043013C000B5654 /* Schema.swift in Sources */ = {isa = PBXBuildFile; fileRef = 43BA53172043013C000B5654 /* Schema.swift */; };
		43BA531A20430D73000B5654 /* BaseDeviceData.swift in Sources */ = {isa = PBXBuildFile; fileRef = 43BA531920430D73000B5654 /* BaseDeviceData.swift */; };
		43BA531C20430E42000B5654 /* SensorData.swift in Sources */ = {isa = PBXBuildFile; fileRef = 43BA531B20430E42000B5654 /* SensorData.swift */; };
		43D194C9201D285D00AB51A6 /* KnotSocketIO.swift in Sources */ = {isa = PBXBuildFile; fileRef = 43D194C8201D285D00AB51A6 /* KnotSocketIO.swift */; };
		43D194CB201D2D9000AB51A6 /* KnotSocketClientEvents.swift in Sources */ = {isa = PBXBuildFile; fileRef = 43D194CA201D2D9000AB51A6 /* KnotSocketClientEvents.swift */; };
		43FB7D23204AE4AA00FAF41D /* KnotHttpTests.swift in Sources */ = {isa = PBXBuildFile; fileRef = 43FB7D22204AE4A900FAF41D /* KnotHttpTests.swift */; };
		43FB7D25204AE7E400FAF41D /* KnotSocketIOTests.swift in Sources */ = {isa = PBXBuildFile; fileRef = 43FB7D24204AE7E400FAF41D /* KnotSocketIOTests.swift */; };
		9095193F0DC984E1AA8F71DA /* Pods_KnotTest.framework in Frameworks */ = {isa = PBXBuildFile; fileRef = 9770C9562B12F71055419456 /* Pods_KnotTest.framework */; };
		B9F13E2E31290C0D928FFDCE /* Pods_KnotTestTests.framework in Frameworks */ = {isa = PBXBuildFile; fileRef = DC1049E16E2687A522405D9C /* Pods_KnotTestTests.framework */; };
/* End PBXBuildFile section */

/* Begin PBXContainerItemProxy section */
		4378318C20129A92008BE08A /* PBXContainerItemProxy */ = {
			isa = PBXContainerItemProxy;
			containerPortal = 4378316F20129A92008BE08A /* Project object */;
			proxyType = 1;
			remoteGlobalIDString = 4378317620129A92008BE08A;
			remoteInfo = KnotTest;
		};
/* End PBXContainerItemProxy section */

/* Begin PBXFileReference section */
		0CDBEC182C735A3D85DFC855 /* Pods-KnotTest.release.xcconfig */ = {isa = PBXFileReference; includeInIndex = 1; lastKnownFileType = text.xcconfig; name = "Pods-KnotTest.release.xcconfig"; path = "Pods/Target Support Files/Pods-KnotTest/Pods-KnotTest.release.xcconfig"; sourceTree = "<group>"; };
		3F08EBA332657C3DFC29AE5E /* Pods-KnotTestTests.release.xcconfig */ = {isa = PBXFileReference; includeInIndex = 1; lastKnownFileType = text.xcconfig; name = "Pods-KnotTestTests.release.xcconfig"; path = "Pods/Target Support Files/Pods-KnotTestTests/Pods-KnotTestTests.release.xcconfig"; sourceTree = "<group>"; };
		432714ED2023D1C5007D7D8D /* KnotHttp.swift */ = {isa = PBXFileReference; lastKnownFileType = sourcecode.swift; path = KnotHttp.swift; sourceTree = "<group>"; };
		43695A552041ECDE00C9204D /* SensorsViewController.swift */ = {isa = PBXFileReference; fileEncoding = 4; lastKnownFileType = sourcecode.swift; path = SensorsViewController.swift; sourceTree = "<group>"; };
		43695A572041ECF800C9204D /* DevicesViewController.swift */ = {isa = PBXFileReference; lastKnownFileType = sourcecode.swift; path = DevicesViewController.swift; sourceTree = "<group>"; };
		43695A592041F31C00C9204D /* SensorViewController.swift */ = {isa = PBXFileReference; lastKnownFileType = sourcecode.swift; path = SensorViewController.swift; sourceTree = "<group>"; };
		4378317720129A92008BE08A /* KnotTest.app */ = {isa = PBXFileReference; explicitFileType = wrapper.application; includeInIndex = 0; path = KnotTest.app; sourceTree = BUILT_PRODUCTS_DIR; };
		4378317A20129A92008BE08A /* AppDelegate.swift */ = {isa = PBXFileReference; lastKnownFileType = sourcecode.swift; path = AppDelegate.swift; sourceTree = "<group>"; };
		4378317C20129A92008BE08A /* ViewController.swift */ = {isa = PBXFileReference; lastKnownFileType = sourcecode.swift; path = ViewController.swift; sourceTree = "<group>"; };
		4378317F20129A92008BE08A /* Base */ = {isa = PBXFileReference; lastKnownFileType = file.storyboard; name = Base; path = Base.lproj/Main.storyboard; sourceTree = "<group>"; };
		4378318120129A92008BE08A /* Assets.xcassets */ = {isa = PBXFileReference; lastKnownFileType = folder.assetcatalog; path = Assets.xcassets; sourceTree = "<group>"; };
		4378318420129A92008BE08A /* Base */ = {isa = PBXFileReference; lastKnownFileType = file.storyboard; name = Base; path = Base.lproj/LaunchScreen.storyboard; sourceTree = "<group>"; };
		4378318620129A92008BE08A /* Info.plist */ = {isa = PBXFileReference; lastKnownFileType = text.plist.xml; path = Info.plist; sourceTree = "<group>"; };
		4378318B20129A92008BE08A /* KnotTestTests.xctest */ = {isa = PBXFileReference; explicitFileType = wrapper.cfbundle; includeInIndex = 0; path = KnotTestTests.xctest; sourceTree = BUILT_PRODUCTS_DIR; };
		4378319120129A92008BE08A /* Info.plist */ = {isa = PBXFileReference; lastKnownFileType = text.plist.xml; path = Info.plist; sourceTree = "<group>"; };
		43BA53062042F10F000B5654 /* Geo.swift */ = {isa = PBXFileReference; fileEncoding = 4; lastKnownFileType = sourcecode.swift; path = Geo.swift; sourceTree = "<group>"; };
		43BA53092042F10F000B5654 /* SecurityListItem.swift */ = {isa = PBXFileReference; fileEncoding = 4; lastKnownFileType = sourcecode.swift; path = SecurityListItem.swift; sourceTree = "<group>"; };
		43BA530F2042F4DD000B5654 /* BaseDevice.swift */ = {isa = PBXFileReference; fileEncoding = 4; lastKnownFileType = sourcecode.swift; path = BaseDevice.swift; sourceTree = "<group>"; };
		43BA53112042FCCC000B5654 /* DeviceOwner.swift */ = {isa = PBXFileReference; lastKnownFileType = sourcecode.swift; path = DeviceOwner.swift; sourceTree = "<group>"; };
		43BA53132042FE3E000B5654 /* BaseThingDevice.swift */ = {isa = PBXFileReference; lastKnownFileType = sourcecode.swift; path = BaseThingDevice.swift; sourceTree = "<group>"; };
		43BA53152042FF66000B5654 /* KnotDeviceType.swift */ = {isa = PBXFileReference; lastKnownFileType = sourcecode.swift; path = KnotDeviceType.swift; sourceTree = "<group>"; };
		43BA53172043013C000B5654 /* Schema.swift */ = {isa = PBXFileReference; lastKnownFileType = sourcecode.swift; path = Schema.swift; sourceTree = "<group>"; };
		43BA531920430D73000B5654 /* BaseDeviceData.swift */ = {isa = PBXFileReference; lastKnownFileType = sourcecode.swift; path = BaseDeviceData.swift; sourceTree = "<group>"; };
		43BA531B20430E42000B5654 /* SensorData.swift */ = {isa = PBXFileReference; lastKnownFileType = sourcecode.swift; path = SensorData.swift; sourceTree = "<group>"; };
		43D194C8201D285D00AB51A6 /* KnotSocketIO.swift */ = {isa = PBXFileReference; lastKnownFileType = sourcecode.swift; path = KnotSocketIO.swift; sourceTree = "<group>"; };
		43D194CA201D2D9000AB51A6 /* KnotSocketClientEvents.swift */ = {isa = PBXFileReference; lastKnownFileType = sourcecode.swift; path = KnotSocketClientEvents.swift; sourceTree = "<group>"; };
		43FB7D22204AE4A900FAF41D /* KnotHttpTests.swift */ = {isa = PBXFileReference; fileEncoding = 4; lastKnownFileType = sourcecode.swift; path = KnotHttpTests.swift; sourceTree = "<group>"; };
		43FB7D24204AE7E400FAF41D /* KnotSocketIOTests.swift */ = {isa = PBXFileReference; lastKnownFileType = sourcecode.swift; path = KnotSocketIOTests.swift; sourceTree = "<group>"; };
		8850B3C6283FE31FCC5C3803 /* Pods-KnotTest.debug.xcconfig */ = {isa = PBXFileReference; includeInIndex = 1; lastKnownFileType = text.xcconfig; name = "Pods-KnotTest.debug.xcconfig"; path = "Pods/Target Support Files/Pods-KnotTest/Pods-KnotTest.debug.xcconfig"; sourceTree = "<group>"; };
		9770C9562B12F71055419456 /* Pods_KnotTest.framework */ = {isa = PBXFileReference; explicitFileType = wrapper.framework; includeInIndex = 0; path = Pods_KnotTest.framework; sourceTree = BUILT_PRODUCTS_DIR; };
		D012F3FE63E06A07FE5658D6 /* Pods-KnotTestTests.debug.xcconfig */ = {isa = PBXFileReference; includeInIndex = 1; lastKnownFileType = text.xcconfig; name = "Pods-KnotTestTests.debug.xcconfig"; path = "Pods/Target Support Files/Pods-KnotTestTests/Pods-KnotTestTests.debug.xcconfig"; sourceTree = "<group>"; };
		DC1049E16E2687A522405D9C /* Pods_KnotTestTests.framework */ = {isa = PBXFileReference; explicitFileType = wrapper.framework; includeInIndex = 0; path = Pods_KnotTestTests.framework; sourceTree = BUILT_PRODUCTS_DIR; };
/* End PBXFileReference section */

/* Begin PBXFrameworksBuildPhase section */
		4378317420129A92008BE08A /* Frameworks */ = {
			isa = PBXFrameworksBuildPhase;
			buildActionMask = 2147483647;
			files = (
				9095193F0DC984E1AA8F71DA /* Pods_KnotTest.framework in Frameworks */,
			);
			runOnlyForDeploymentPostprocessing = 0;
		};
		4378318820129A92008BE08A /* Frameworks */ = {
			isa = PBXFrameworksBuildPhase;
			buildActionMask = 2147483647;
			files = (
				B9F13E2E31290C0D928FFDCE /* Pods_KnotTestTests.framework in Frameworks */,
			);
			runOnlyForDeploymentPostprocessing = 0;
		};
/* End PBXFrameworksBuildPhase section */

/* Begin PBXGroup section */
		4378316E20129A92008BE08A = {
			isa = PBXGroup;
			children = (
				4378317920129A92008BE08A /* KnotTest */,
				4378318E20129A92008BE08A /* KnotTestTests */,
				4378317820129A92008BE08A /* Products */,
				EEA95A2B597F54EE20D7AD13 /* Pods */,
				A3562CFE7C35D12EFCAB704C /* Frameworks */,
			);
			sourceTree = "<group>";
		};
		4378317820129A92008BE08A /* Products */ = {
			isa = PBXGroup;
			children = (
				4378317720129A92008BE08A /* KnotTest.app */,
				4378318B20129A92008BE08A /* KnotTestTests.xctest */,
			);
			name = Products;
			sourceTree = "<group>";
		};
		4378317920129A92008BE08A /* KnotTest */ = {
			isa = PBXGroup;
			children = (
				43695A552041ECDE00C9204D /* SensorsViewController.swift */,
				4378317A20129A92008BE08A /* AppDelegate.swift */,
				4378317C20129A92008BE08A /* ViewController.swift */,
				4378317E20129A92008BE08A /* Main.storyboard */,
				4378318120129A92008BE08A /* Assets.xcassets */,
				4378318320129A92008BE08A /* LaunchScreen.storyboard */,
				43D194CC201D2D9C00AB51A6 /* KnotLib */,
				4378318620129A92008BE08A /* Info.plist */,
				43695A572041ECF800C9204D /* DevicesViewController.swift */,
				43695A592041F31C00C9204D /* SensorViewController.swift */,
			);
			path = KnotTest;
			sourceTree = "<group>";
		};
		4378318E20129A92008BE08A /* KnotTestTests */ = {
			isa = PBXGroup;
			children = (
				43FB7D22204AE4A900FAF41D /* KnotHttpTests.swift */,
				4378319120129A92008BE08A /* Info.plist */,
				43FB7D24204AE7E400FAF41D /* KnotSocketIOTests.swift */,
			);
			path = KnotTestTests;
			sourceTree = "<group>";
		};
		43BA53032042F0DC000B5654 /* Connection */ = {
			isa = PBXGroup;
			children = (
				43D194C8201D285D00AB51A6 /* KnotSocketIO.swift */,
				43D194CA201D2D9000AB51A6 /* KnotSocketClientEvents.swift */,
				432714ED2023D1C5007D7D8D /* KnotHttp.swift */,
			);
			path = Connection;
			sourceTree = "<group>";
		};
		43BA53042042F0F3000B5654 /* Models */ = {
			isa = PBXGroup;
			children = (
				43BA530F2042F4DD000B5654 /* BaseDevice.swift */,
				43BA53092042F10F000B5654 /* SecurityListItem.swift */,
				43BA53062042F10F000B5654 /* Geo.swift */,
				43BA53112042FCCC000B5654 /* DeviceOwner.swift */,
				43BA53132042FE3E000B5654 /* BaseThingDevice.swift */,
				43BA53152042FF66000B5654 /* KnotDeviceType.swift */,
				43BA53172043013C000B5654 /* Schema.swift */,
				43BA531920430D73000B5654 /* BaseDeviceData.swift */,
				43BA531B20430E42000B5654 /* SensorData.swift */,
			);
			path = Models;
			sourceTree = "<group>";
		};
		43D194CC201D2D9C00AB51A6 /* KnotLib */ = {
			isa = PBXGroup;
			children = (
				43BA53042042F0F3000B5654 /* Models */,
				43BA53032042F0DC000B5654 /* Connection */,
			);
			path = KnotLib;
			sourceTree = "<group>";
		};
		A3562CFE7C35D12EFCAB704C /* Frameworks */ = {
			isa = PBXGroup;
			children = (
				9770C9562B12F71055419456 /* Pods_KnotTest.framework */,
				DC1049E16E2687A522405D9C /* Pods_KnotTestTests.framework */,
			);
			name = Frameworks;
			sourceTree = "<group>";
		};
		EEA95A2B597F54EE20D7AD13 /* Pods */ = {
			isa = PBXGroup;
			children = (
				8850B3C6283FE31FCC5C3803 /* Pods-KnotTest.debug.xcconfig */,
				0CDBEC182C735A3D85DFC855 /* Pods-KnotTest.release.xcconfig */,
				D012F3FE63E06A07FE5658D6 /* Pods-KnotTestTests.debug.xcconfig */,
				3F08EBA332657C3DFC29AE5E /* Pods-KnotTestTests.release.xcconfig */,
			);
			name = Pods;
			sourceTree = "<group>";
		};
/* End PBXGroup section */

/* Begin PBXNativeTarget section */
		4378317620129A92008BE08A /* KnotTest */ = {
			isa = PBXNativeTarget;
			buildConfigurationList = 4378319420129A92008BE08A /* Build configuration list for PBXNativeTarget "KnotTest" */;
			buildPhases = (
				0FC8EE835C9E02D0F2B4EC2C /* [CP] Check Pods Manifest.lock */,
				4378317320129A92008BE08A /* Sources */,
				4378317420129A92008BE08A /* Frameworks */,
				4378317520129A92008BE08A /* Resources */,
				55DDD34B354CABF035D9B595 /* [CP] Embed Pods Frameworks */,
				05B56E8044D3B86D5303266E /* [CP] Copy Pods Resources */,
			);
			buildRules = (
			);
			dependencies = (
			);
			name = KnotTest;
			productName = KnotTest;
			productReference = 4378317720129A92008BE08A /* KnotTest.app */;
			productType = "com.apple.product-type.application";
		};
		4378318A20129A92008BE08A /* KnotTestTests */ = {
			isa = PBXNativeTarget;
			buildConfigurationList = 4378319720129A92008BE08A /* Build configuration list for PBXNativeTarget "KnotTestTests" */;
			buildPhases = (
				C4AF184822D9DF98DB8578EB /* [CP] Check Pods Manifest.lock */,
				4378318720129A92008BE08A /* Sources */,
				4378318820129A92008BE08A /* Frameworks */,
				4378318920129A92008BE08A /* Resources */,
				532BCC5F50210AE5AD18A89D /* [CP] Embed Pods Frameworks */,
				2BA1AA691C4E68539C934A15 /* [CP] Copy Pods Resources */,
			);
			buildRules = (
			);
			dependencies = (
				4378318D20129A92008BE08A /* PBXTargetDependency */,
			);
			name = KnotTestTests;
			productName = KnotTestTests;
			productReference = 4378318B20129A92008BE08A /* KnotTestTests.xctest */;
			productType = "com.apple.product-type.bundle.unit-test";
		};
/* End PBXNativeTarget section */

/* Begin PBXProject section */
		4378316F20129A92008BE08A /* Project object */ = {
			isa = PBXProject;
			attributes = {
				LastSwiftUpdateCheck = 0920;
				LastUpgradeCheck = 0920;
				ORGANIZATIONNAME = com.rlmg.knotTest;
				TargetAttributes = {
					4378317620129A92008BE08A = {
						CreatedOnToolsVersion = 9.2;
						ProvisioningStyle = Automatic;
					};
					4378318A20129A92008BE08A = {
						CreatedOnToolsVersion = 9.2;
						LastSwiftMigration = 0920;
						ProvisioningStyle = Automatic;
						TestTargetID = 4378317620129A92008BE08A;
					};
				};
			};
			buildConfigurationList = 4378317220129A92008BE08A /* Build configuration list for PBXProject "KnotTest" */;
			compatibilityVersion = "Xcode 8.0";
			developmentRegion = en;
			hasScannedForEncodings = 0;
			knownRegions = (
				en,
				Base,
			);
			mainGroup = 4378316E20129A92008BE08A;
			productRefGroup = 4378317820129A92008BE08A /* Products */;
			projectDirPath = "";
			projectRoot = "";
			targets = (
				4378317620129A92008BE08A /* KnotTest */,
				4378318A20129A92008BE08A /* KnotTestTests */,
			);
		};
/* End PBXProject section */

/* Begin PBXResourcesBuildPhase section */
		4378317520129A92008BE08A /* Resources */ = {
			isa = PBXResourcesBuildPhase;
			buildActionMask = 2147483647;
			files = (
				4378318520129A92008BE08A /* LaunchScreen.storyboard in Resources */,
				4378318220129A92008BE08A /* Assets.xcassets in Resources */,
				4378318020129A92008BE08A /* Main.storyboard in Resources */,
			);
			runOnlyForDeploymentPostprocessing = 0;
		};
		4378318920129A92008BE08A /* Resources */ = {
			isa = PBXResourcesBuildPhase;
			buildActionMask = 2147483647;
			files = (
			);
			runOnlyForDeploymentPostprocessing = 0;
		};
/* End PBXResourcesBuildPhase section */

/* Begin PBXShellScriptBuildPhase section */
		05B56E8044D3B86D5303266E /* [CP] Copy Pods Resources */ = {
			isa = PBXShellScriptBuildPhase;
			buildActionMask = 2147483647;
			files = (
			);
			inputPaths = (
			);
			name = "[CP] Copy Pods Resources";
			outputPaths = (
			);
			runOnlyForDeploymentPostprocessing = 0;
			shellPath = /bin/sh;
			shellScript = "\"${SRCROOT}/Pods/Target Support Files/Pods-KnotTest/Pods-KnotTest-resources.sh\"\n";
			showEnvVarsInLog = 0;
		};
		0FC8EE835C9E02D0F2B4EC2C /* [CP] Check Pods Manifest.lock */ = {
			isa = PBXShellScriptBuildPhase;
			buildActionMask = 2147483647;
			files = (
			);
			inputPaths = (
			);
			name = "[CP] Check Pods Manifest.lock";
			outputPaths = (
			);
			runOnlyForDeploymentPostprocessing = 0;
			shellPath = /bin/sh;
			shellScript = "diff \"${PODS_PODFILE_DIR_PATH}/Podfile.lock\" \"${PODS_ROOT}/Manifest.lock\" > /dev/null\nif [ $? != 0 ] ; then\n    # print error to STDERR\n    echo \"error: The sandbox is not in sync with the Podfile.lock. Run 'pod install' or update your CocoaPods installation.\" >&2\n    exit 1\nfi\n";
			showEnvVarsInLog = 0;
		};
		2BA1AA691C4E68539C934A15 /* [CP] Copy Pods Resources */ = {
			isa = PBXShellScriptBuildPhase;
			buildActionMask = 2147483647;
			files = (
			);
			inputPaths = (
			);
			name = "[CP] Copy Pods Resources";
			outputPaths = (
			);
			runOnlyForDeploymentPostprocessing = 0;
			shellPath = /bin/sh;
			shellScript = "\"${SRCROOT}/Pods/Target Support Files/Pods-KnotTestTests/Pods-KnotTestTests-resources.sh\"\n";
			showEnvVarsInLog = 0;
		};
		532BCC5F50210AE5AD18A89D /* [CP] Embed Pods Frameworks */ = {
			isa = PBXShellScriptBuildPhase;
			buildActionMask = 2147483647;
			files = (
			);
			inputPaths = (
			);
			name = "[CP] Embed Pods Frameworks";
			outputPaths = (
			);
			runOnlyForDeploymentPostprocessing = 0;
			shellPath = /bin/sh;
			shellScript = "\"${SRCROOT}/Pods/Target Support Files/Pods-KnotTestTests/Pods-KnotTestTests-frameworks.sh\"\n";
			showEnvVarsInLog = 0;
		};
		55DDD34B354CABF035D9B595 /* [CP] Embed Pods Frameworks */ = {
			isa = PBXShellScriptBuildPhase;
			buildActionMask = 2147483647;
			files = (
			);
			inputPaths = (
			);
			name = "[CP] Embed Pods Frameworks";
			outputPaths = (
			);
			runOnlyForDeploymentPostprocessing = 0;
			shellPath = /bin/sh;
			shellScript = "\"${SRCROOT}/Pods/Target Support Files/Pods-KnotTest/Pods-KnotTest-frameworks.sh\"\n";
			showEnvVarsInLog = 0;
		};
		C4AF184822D9DF98DB8578EB /* [CP] Check Pods Manifest.lock */ = {
			isa = PBXShellScriptBuildPhase;
			buildActionMask = 2147483647;
			files = (
			);
			inputPaths = (
			);
			name = "[CP] Check Pods Manifest.lock";
			outputPaths = (
			);
			runOnlyForDeploymentPostprocessing = 0;
			shellPath = /bin/sh;
			shellScript = "diff \"${PODS_PODFILE_DIR_PATH}/Podfile.lock\" \"${PODS_ROOT}/Manifest.lock\" > /dev/null\nif [ $? != 0 ] ; then\n    # print error to STDERR\n    echo \"error: The sandbox is not in sync with the Podfile.lock. Run 'pod install' or update your CocoaPods installation.\" >&2\n    exit 1\nfi\n";
			showEnvVarsInLog = 0;
		};
/* End PBXShellScriptBuildPhase section */

/* Begin PBXSourcesBuildPhase section */
		4378317320129A92008BE08A /* Sources */ = {
			isa = PBXSourcesBuildPhase;
			buildActionMask = 2147483647;
			files = (
				43D194CB201D2D9000AB51A6 /* KnotSocketClientEvents.swift in Sources */,
				43695A582041ECF800C9204D /* DevicesViewController.swift in Sources */,
				4378317D20129A92008BE08A /* ViewController.swift in Sources */,
				43BA531C20430E42000B5654 /* SensorData.swift in Sources */,
				43BA530E2042F10F000B5654 /* SecurityListItem.swift in Sources */,
				43BA531A20430D73000B5654 /* BaseDeviceData.swift in Sources */,
				432714EE2023D1C5007D7D8D /* KnotHttp.swift in Sources */,
				43BA53162042FF66000B5654 /* KnotDeviceType.swift in Sources */,
				43695A562041ECDE00C9204D /* SensorsViewController.swift in Sources */,
				4378317B20129A92008BE08A /* AppDelegate.swift in Sources */,
				43BA53122042FCCC000B5654 /* DeviceOwner.swift in Sources */,
				43BA53182043013C000B5654 /* Schema.swift in Sources */,
				43BA53142042FE3E000B5654 /* BaseThingDevice.swift in Sources */,
				43695A5A2041F31C00C9204D /* SensorViewController.swift in Sources */,
				43D194C9201D285D00AB51A6 /* KnotSocketIO.swift in Sources */,
				43BA530B2042F10F000B5654 /* Geo.swift in Sources */,
				43BA53102042F4DD000B5654 /* BaseDevice.swift in Sources */,
			);
			runOnlyForDeploymentPostprocessing = 0;
		};
		4378318720129A92008BE08A /* Sources */ = {
			isa = PBXSourcesBuildPhase;
			buildActionMask = 2147483647;
			files = (
				43FB7D25204AE7E400FAF41D /* KnotSocketIOTests.swift in Sources */,
				43FB7D23204AE4AA00FAF41D /* KnotHttpTests.swift in Sources */,
			);
			runOnlyForDeploymentPostprocessing = 0;
		};
/* End PBXSourcesBuildPhase section */

/* Begin PBXTargetDependency section */
		4378318D20129A92008BE08A /* PBXTargetDependency */ = {
			isa = PBXTargetDependency;
			target = 4378317620129A92008BE08A /* KnotTest */;
			targetProxy = 4378318C20129A92008BE08A /* PBXContainerItemProxy */;
		};
/* End PBXTargetDependency section */

/* Begin PBXVariantGroup section */
		4378317E20129A92008BE08A /* Main.storyboard */ = {
			isa = PBXVariantGroup;
			children = (
				4378317F20129A92008BE08A /* Base */,
			);
			name = Main.storyboard;
			sourceTree = "<group>";
		};
		4378318320129A92008BE08A /* LaunchScreen.storyboard */ = {
			isa = PBXVariantGroup;
			children = (
				4378318420129A92008BE08A /* Base */,
			);
			name = LaunchScreen.storyboard;
			sourceTree = "<group>";
		};
/* End PBXVariantGroup section */

/* Begin XCBuildConfiguration section */
		4378319220129A92008BE08A /* Debug */ = {
			isa = XCBuildConfiguration;
			buildSettings = {
				ALWAYS_SEARCH_USER_PATHS = NO;
				CLANG_ANALYZER_NONNULL = YES;
				CLANG_ANALYZER_NUMBER_OBJECT_CONVERSION = YES_AGGRESSIVE;
				CLANG_CXX_LANGUAGE_STANDARD = "gnu++14";
				CLANG_CXX_LIBRARY = "libc++";
				CLANG_ENABLE_MODULES = YES;
				CLANG_ENABLE_OBJC_ARC = YES;
				CLANG_WARN_BLOCK_CAPTURE_AUTORELEASING = YES;
				CLANG_WARN_BOOL_CONVERSION = YES;
				CLANG_WARN_COMMA = YES;
				CLANG_WARN_CONSTANT_CONVERSION = YES;
				CLANG_WARN_DIRECT_OBJC_ISA_USAGE = YES_ERROR;
				CLANG_WARN_DOCUMENTATION_COMMENTS = YES;
				CLANG_WARN_EMPTY_BODY = YES;
				CLANG_WARN_ENUM_CONVERSION = YES;
				CLANG_WARN_INFINITE_RECURSION = YES;
				CLANG_WARN_INT_CONVERSION = YES;
				CLANG_WARN_NON_LITERAL_NULL_CONVERSION = YES;
				CLANG_WARN_OBJC_LITERAL_CONVERSION = YES;
				CLANG_WARN_OBJC_ROOT_CLASS = YES_ERROR;
				CLANG_WARN_RANGE_LOOP_ANALYSIS = YES;
				CLANG_WARN_STRICT_PROTOTYPES = YES;
				CLANG_WARN_SUSPICIOUS_MOVE = YES;
				CLANG_WARN_UNGUARDED_AVAILABILITY = YES_AGGRESSIVE;
				CLANG_WARN_UNREACHABLE_CODE = YES;
				CLANG_WARN__DUPLICATE_METHOD_MATCH = YES;
				CODE_SIGN_IDENTITY = "iPhone Developer";
				COPY_PHASE_STRIP = NO;
				DEBUG_INFORMATION_FORMAT = dwarf;
				ENABLE_STRICT_OBJC_MSGSEND = YES;
				ENABLE_TESTABILITY = YES;
				GCC_C_LANGUAGE_STANDARD = gnu11;
				GCC_DYNAMIC_NO_PIC = NO;
				GCC_NO_COMMON_BLOCKS = YES;
				GCC_OPTIMIZATION_LEVEL = 0;
				GCC_PREPROCESSOR_DEFINITIONS = (
					"DEBUG=1",
					"$(inherited)",
				);
				GCC_WARN_64_TO_32_BIT_CONVERSION = YES;
				GCC_WARN_ABOUT_RETURN_TYPE = YES_ERROR;
				GCC_WARN_UNDECLARED_SELECTOR = YES;
				GCC_WARN_UNINITIALIZED_AUTOS = YES_AGGRESSIVE;
				GCC_WARN_UNUSED_FUNCTION = YES;
				GCC_WARN_UNUSED_VARIABLE = YES;
				IPHONEOS_DEPLOYMENT_TARGET = 11.2;
				MTL_ENABLE_DEBUG_INFO = YES;
				ONLY_ACTIVE_ARCH = YES;
				SDKROOT = iphoneos;
				SWIFT_ACTIVE_COMPILATION_CONDITIONS = DEBUG;
				SWIFT_OPTIMIZATION_LEVEL = "-Onone";
			};
			name = Debug;
		};
		4378319320129A92008BE08A /* Release */ = {
			isa = XCBuildConfiguration;
			buildSettings = {
				ALWAYS_SEARCH_USER_PATHS = NO;
				CLANG_ANALYZER_NONNULL = YES;
				CLANG_ANALYZER_NUMBER_OBJECT_CONVERSION = YES_AGGRESSIVE;
				CLANG_CXX_LANGUAGE_STANDARD = "gnu++14";
				CLANG_CXX_LIBRARY = "libc++";
				CLANG_ENABLE_MODULES = YES;
				CLANG_ENABLE_OBJC_ARC = YES;
				CLANG_WARN_BLOCK_CAPTURE_AUTORELEASING = YES;
				CLANG_WARN_BOOL_CONVERSION = YES;
				CLANG_WARN_COMMA = YES;
				CLANG_WARN_CONSTANT_CONVERSION = YES;
				CLANG_WARN_DIRECT_OBJC_ISA_USAGE = YES_ERROR;
				CLANG_WARN_DOCUMENTATION_COMMENTS = YES;
				CLANG_WARN_EMPTY_BODY = YES;
				CLANG_WARN_ENUM_CONVERSION = YES;
				CLANG_WARN_INFINITE_RECURSION = YES;
				CLANG_WARN_INT_CONVERSION = YES;
				CLANG_WARN_NON_LITERAL_NULL_CONVERSION = YES;
				CLANG_WARN_OBJC_LITERAL_CONVERSION = YES;
				CLANG_WARN_OBJC_ROOT_CLASS = YES_ERROR;
				CLANG_WARN_RANGE_LOOP_ANALYSIS = YES;
				CLANG_WARN_STRICT_PROTOTYPES = YES;
				CLANG_WARN_SUSPICIOUS_MOVE = YES;
				CLANG_WARN_UNGUARDED_AVAILABILITY = YES_AGGRESSIVE;
				CLANG_WARN_UNREACHABLE_CODE = YES;
				CLANG_WARN__DUPLICATE_METHOD_MATCH = YES;
				CODE_SIGN_IDENTITY = "iPhone Developer";
				COPY_PHASE_STRIP = NO;
				DEBUG_INFORMATION_FORMAT = "dwarf-with-dsym";
				ENABLE_NS_ASSERTIONS = NO;
				ENABLE_STRICT_OBJC_MSGSEND = YES;
				GCC_C_LANGUAGE_STANDARD = gnu11;
				GCC_NO_COMMON_BLOCKS = YES;
				GCC_WARN_64_TO_32_BIT_CONVERSION = YES;
				GCC_WARN_ABOUT_RETURN_TYPE = YES_ERROR;
				GCC_WARN_UNDECLARED_SELECTOR = YES;
				GCC_WARN_UNINITIALIZED_AUTOS = YES_AGGRESSIVE;
				GCC_WARN_UNUSED_FUNCTION = YES;
				GCC_WARN_UNUSED_VARIABLE = YES;
				IPHONEOS_DEPLOYMENT_TARGET = 11.2;
				MTL_ENABLE_DEBUG_INFO = NO;
				SDKROOT = iphoneos;
				SWIFT_OPTIMIZATION_LEVEL = "-Owholemodule";
				VALIDATE_PRODUCT = YES;
			};
			name = Release;
		};
		4378319520129A92008BE08A /* Debug */ = {
			isa = XCBuildConfiguration;
			baseConfigurationReference = 8850B3C6283FE31FCC5C3803 /* Pods-KnotTest.debug.xcconfig */;
			buildSettings = {
				ASSETCATALOG_COMPILER_APPICON_NAME = AppIcon;
				CODE_SIGN_STYLE = Automatic;
				DEVELOPMENT_TEAM = 5J3RWJSLSS;
				INFOPLIST_FILE = KnotTest/Info.plist;
				LD_RUNPATH_SEARCH_PATHS = "$(inherited) @executable_path/Frameworks";
				PRODUCT_BUNDLE_IDENTIFIER = com.rlmg.knotTest.KnotTest;
				PRODUCT_NAME = "$(TARGET_NAME)";
				SWIFT_VERSION = 4.0;
				TARGETED_DEVICE_FAMILY = "1,2";
			};
			name = Debug;
		};
		4378319620129A92008BE08A /* Release */ = {
			isa = XCBuildConfiguration;
			baseConfigurationReference = 0CDBEC182C735A3D85DFC855 /* Pods-KnotTest.release.xcconfig */;
			buildSettings = {
				ASSETCATALOG_COMPILER_APPICON_NAME = AppIcon;
				CODE_SIGN_STYLE = Automatic;
				DEVELOPMENT_TEAM = 5J3RWJSLSS;
				INFOPLIST_FILE = KnotTest/Info.plist;
				LD_RUNPATH_SEARCH_PATHS = "$(inherited) @executable_path/Frameworks";
				PRODUCT_BUNDLE_IDENTIFIER = com.rlmg.knotTest.KnotTest;
				PRODUCT_NAME = "$(TARGET_NAME)";
				SWIFT_VERSION = 4.0;
				TARGETED_DEVICE_FAMILY = "1,2";
			};
			name = Release;
		};
		4378319820129A92008BE08A /* Debug */ = {
			isa = XCBuildConfiguration;
			baseConfigurationReference = D012F3FE63E06A07FE5658D6 /* Pods-KnotTestTests.debug.xcconfig */;
			buildSettings = {
				ALWAYS_EMBED_SWIFT_STANDARD_LIBRARIES = YES;
				BUNDLE_LOADER = "$(TEST_HOST)";
				CLANG_ENABLE_MODULES = YES;
				CODE_SIGN_STYLE = Automatic;
				DEVELOPMENT_TEAM = N2PZ2HT5T9;
				INFOPLIST_FILE = KnotTestTests/Info.plist;
				LD_RUNPATH_SEARCH_PATHS = "$(inherited) @executable_path/Frameworks @loader_path/Frameworks";
				PRODUCT_BUNDLE_IDENTIFIER = com.rlmg.knotTest.KnotTestTests;
				PRODUCT_NAME = "$(TARGET_NAME)";
				SWIFT_OPTIMIZATION_LEVEL = "-Onone";
				SWIFT_VERSION = 4.0;
				TARGETED_DEVICE_FAMILY = "1,2";
				TEST_HOST = "$(BUILT_PRODUCTS_DIR)/KnotTest.app/KnotTest";
			};
			name = Debug;
		};
		4378319920129A92008BE08A /* Release */ = {
			isa = XCBuildConfiguration;
			baseConfigurationReference = 3F08EBA332657C3DFC29AE5E /* Pods-KnotTestTests.release.xcconfig */;
			buildSettings = {
				ALWAYS_EMBED_SWIFT_STANDARD_LIBRARIES = YES;
				BUNDLE_LOADER = "$(TEST_HOST)";
				CLANG_ENABLE_MODULES = YES;
				CODE_SIGN_STYLE = Automatic;
				DEVELOPMENT_TEAM = N2PZ2HT5T9;
				INFOPLIST_FILE = KnotTestTests/Info.plist;
				LD_RUNPATH_SEARCH_PATHS = "$(inherited) @executable_path/Frameworks @loader_path/Frameworks";
				PRODUCT_BUNDLE_IDENTIFIER = com.rlmg.knotTest.KnotTestTests;
				PRODUCT_NAME = "$(TARGET_NAME)";
				SWIFT_VERSION = 4.0;
				TARGETED_DEVICE_FAMILY = "1,2";
				TEST_HOST = "$(BUILT_PRODUCTS_DIR)/KnotTest.app/KnotTest";
			};
			name = Release;
		};
/* End XCBuildConfiguration section */

/* Begin XCConfigurationList section */
		4378317220129A92008BE08A /* Build configuration list for PBXProject "KnotTest" */ = {
			isa = XCConfigurationList;
			buildConfigurations = (
				4378319220129A92008BE08A /* Debug */,
				4378319320129A92008BE08A /* Release */,
			);
			defaultConfigurationIsVisible = 0;
			defaultConfigurationName = Release;
		};
		4378319420129A92008BE08A /* Build configuration list for PBXNativeTarget "KnotTest" */ = {
			isa = XCConfigurationList;
			buildConfigurations = (
				4378319520129A92008BE08A /* Debug */,
				4378319620129A92008BE08A /* Release */,
			);
			defaultConfigurationIsVisible = 0;
			defaultConfigurationName = Release;
		};
		4378319720129A92008BE08A /* Build configuration list for PBXNativeTarget "KnotTestTests" */ = {
			isa = XCConfigurationList;
			buildConfigurations = (
				4378319820129A92008BE08A /* Debug */,
				4378319920129A92008BE08A /* Release */,
			);
			defaultConfigurationIsVisible = 0;
			defaultConfigurationName = Release;
		};
/* End XCConfigurationList section */
	};
	rootObject = 4378316F20129A92008BE08A /* Project object */;
}
